%{
  "amqp": {:hex, :amqp, "1.0.2", "3c4b0c2a0c02a908a78c51e6e8206ca24b0f6b879a5e980eccf840cda360ed71", [:mix], [{:amqp_client, "~> 3.7.3", [hex: :amqp_client, optional: false]}, {:goldrush, "~> 0.1.0", [hex: :goldrush, optional: false]}, {:jsx, "~> 2.8", [hex: :jsx, optional: false]}, {:lager, "~> 3.5", [hex: :lager, optional: false]}, {:rabbit_common, "~> 3.7.3", [hex: :rabbit_common, optional: false]}, {:ranch, "~> 1.4", [hex: :ranch, optional: false]}, {:ranch_proxy_protocol, "~> 1.4", [hex: :ranch_proxy_protocol, optional: false]}, {:recon, "~> 2.3.2", [hex: :recon, optional: false]}]},
  "amqp_client": {:hex, :amqp_client, "3.7.3", "29a818d3871de5f8484e876ad34b0a940b2cecd6c6dfbed30d9b1679072eb9bc", [:make, :rebar3], [{:rabbit_common, "3.7.3", [hex: :rabbit_common, optional: false]}]},
  "bunt": {:hex, :bunt, "0.2.0", "951c6e801e8b1d2cbe58ebbd3e616a869061ddadcc4863d0a2182541acae9a38", [:mix], []},
  "connection": {:hex, :connection, "1.0.4", "a1cae72211f0eef17705aaededacac3eb30e6625b04a6117c1b2db6ace7d5976", [:mix], []},
  "credo": {:hex, :credo, "0.8.10", "261862bb7363247762e1063713bb85df2bbd84af8d8610d1272cd9c1943bba63", [:mix], [{:bunt, "~> 0.2.0", [hex: :bunt, optional: false]}]},
  "dialyxir": {:hex, :dialyxir, "0.5.1", "b331b091720fd93e878137add264bac4f644e1ddae07a70bf7062c7862c4b952", [:mix], []},
  "earmark": {:hex, :earmark, "1.2.4", "99b637c62a4d65a20a9fb674b8cffb8baa771c04605a80c911c4418c69b75439", [:mix], []},
  "ex_doc": {:hex, :ex_doc, "0.18.3", "f4b0e4a2ec6f333dccf761838a4b253d75e11f714b85ae271c9ae361367897b7", [:mix], [{:earmark, "~> 1.1", [hex: :earmark, optional: false]}]},
  "goldrush": {:hex, :goldrush, "0.1.9", "f06e5d5f1277da5c413e84d5a2924174182fb108dabb39d5ec548b27424cd106", [:rebar3], []},
  "jsx": {:hex, :jsx, "2.8.2", "7acc7d785b5abe8a6e9adbde926a24e481f29956dd8b4df49e3e4e7bcc92a018", [:mix, :rebar3], []},
  "lager": {:hex, :lager, "3.5.1", "63897a61af646c59bb928fee9756ce8bdd02d5a1a2f3551d4a5e38386c2cc071", [:rebar3], [{:goldrush, "0.1.9", [hex: :goldrush, optional: false]}]},
  "rabbit_common": {:hex, :rabbit_common, "3.7.3", "f23ed393e12150e3d3b6ef640be7bfddfefce72a65e2ce27d44249ef84287c96", [:make, :rebar3], [{:jsx, "2.8.2", [hex: :jsx, optional: false]}, {:lager, "3.5.1", [hex: :lager, optional: false]}, {:ranch, "1.4.0", [hex: :ranch, optional: false]}, {:ranch_proxy_protocol, "1.4.4", [hex: :ranch_proxy_protocol, optional: false]}, {:recon, "2.3.2", [hex: :recon, optional: false]}]},
  "ranch": {:hex, :ranch, "1.4.0", "10272f95da79340fa7e8774ba7930b901713d272905d0012b06ca6d994f8826b", [:rebar3], []},
  "ranch_proxy_protocol": {:hex, :ranch_proxy_protocol, "1.4.4", "8853b11757a9798e86c7d6d0ff783a8e2e87f77052aad7f1c91108f254ba4a9c", [:rebar3], [{:ranch, "1.4.0", [hex: :ranch, optional: false]}]},
  "recon": {:hex, :recon, "2.3.2", "4444c879be323b1b133eec5241cb84bd3821ea194c740d75617e106be4744318", [:rebar3], []},
}
