%{
  "amqp": {:hex, :amqp, "0.3.1", "c22887ff851e57c8012a7b340a9a837ae997ee819079e447222100ef2a1a7735", [:mix], [{:amqp_client, "~> 3.6.14", [hex: :amqp_client, optional: false]}, {:rabbit_common, "~> 3.6.14", [hex: :rabbit_common, optional: false]}, {:recon, "~> 2.3.2", [hex: :recon, optional: false]}]},
  "amqp_client": {:hex, :amqp_client, "3.6.14", "523c4a84d7cab9ce19e1ba17274c87f10627e6539735c1f26dfe5ce2d5aad75d", [:make, :rebar3], [{:rabbit_common, "3.6.14", [hex: :rabbit_common, optional: false]}]},
  "bunt": {:hex, :bunt, "0.2.0", "951c6e801e8b1d2cbe58ebbd3e616a869061ddadcc4863d0a2182541acae9a38", [:mix], []},
  "connection": {:hex, :connection, "1.0.4", "a1cae72211f0eef17705aaededacac3eb30e6625b04a6117c1b2db6ace7d5976", [:mix], []},
  "credo": {:hex, :credo, "0.8.10", "261862bb7363247762e1063713bb85df2bbd84af8d8610d1272cd9c1943bba63", [:mix], [{:bunt, "~> 0.2.0", [hex: :bunt, optional: false]}]},
  "dialyxir": {:hex, :dialyxir, "0.5.1", "b331b091720fd93e878137add264bac4f644e1ddae07a70bf7062c7862c4b952", [:mix], []},
  "earmark": {:hex, :earmark, "1.2.4", "99b637c62a4d65a20a9fb674b8cffb8baa771c04605a80c911c4418c69b75439", [:mix], []},
  "ex_doc": {:hex, :ex_doc, "0.18.2", "993e0a95e9fbb790ac54ea58e700b45b299bd48bc44b4ae0404f28161f37a83e", [:mix], [{:earmark, "~> 1.1", [repo: "hexpm", hex: :earmark, optional: false]}], "hexpm"},
  "rabbit_common": {:hex, :rabbit_common, "3.6.14", "dc134cd7228f656367e6e6ac88f1f4ef4a63d8a78a2238f52990a4de467708a1", [:make, :rebar3], [{:recon, "2.3.2", [hex: :recon, optional: false]}]},
  "recon": {:hex, :recon, "2.3.2", "4444c879be323b1b133eec5241cb84bd3821ea194c740d75617e106be4744318", [:rebar3], []},
}
